
Microsoft Visual Studio Solution File, Format Version 12.00
# Visual Studio 2013
VisualStudioVersion = 12.0.21005.1
MinimumVisualStudioVersion = 10.0.40219.1
Project("{FAE04EC0-301F-11D3-BF4B-00C04F79EFBC}") = "api", "api\api.csproj", "{458BA4C3-B70C-4D15-BA60-A1D143765AF8}"
EndProject
Project("{FAE04EC0-301F-11D3-BF4B-00C04F79EFBC}") = "api.Tests", "api.Tests\api.Tests.csproj", "{C8FB689A-01BB-4285-9CFD-C6E74D2F281E}"
EndProject
Global
	GlobalSection(SolutionConfigurationPlatforms) = preSolution
		Debug|Any CPU = Debug|Any CPU
		Release|Any CPU = Release|Any CPU
	EndGlobalSection
	GlobalSection(ProjectConfigurationPlatforms) = postSolution
		{458BA4C3-B70C-4D15-BA60-A1D143765AF8}.Debug|Any CPU.ActiveCfg = Debug|Any CPU
		{458BA4C3-B70C-4D15-BA60-A1D143765AF8}.Debug|Any CPU.Build.0 = Debug|Any CPU
		{458BA4C3-B70C-4D15-BA60-A1D143765AF8}.Release|Any CPU.ActiveCfg = Release|Any CPU
		{458BA4C3-B70C-4D15-BA60-A1D143765AF8}.Release|Any CPU.Build.0 = Release|Any CPU
		{C8FB689A-01BB-4285-9CFD-C6E74D2F281E}.Debug|Any CPU.ActiveCfg = Debug|Any CPU
		{C8FB689A-01BB-4285-9CFD-C6E74D2F281E}.Debug|Any CPU.Build.0 = Debug|Any CPU
		{C8FB689A-01BB-4285-9CFD-C6E74D2F281E}.Release|Any CPU.ActiveCfg = Release|Any CPU
		{C8FB689A-01BB-4285-9CFD-C6E74D2F281E}.Release|Any CPU.Build.0 = Release|Any CPU
	EndGlobalSection
	GlobalSection(SolutionProperties) = preSolution
		HideSolutionNode = FALSE
	EndGlobalSection
EndGlobal
